
Microsoft Visual Studio Solution File, Format Version 12.00
Project("{FAE04EC0-301F-11D3-BF4B-00C04F79EFBC}") = "Chiral", "src\Chiral\Chiral.csproj", "{6401212F-CA19-4036-BA33-BEAAC7DE65CD}"
EndProject
Project("{FAE04EC0-301F-11D3-BF4B-00C04F79EFBC}") = "Chiral.Tests", "src\Chiral.Tests\Chiral.Tests.csproj", "{ED8D9FF5-65FF-4635-984F-9BDDC3D89CC3}"
EndProject
Global
	GlobalSection(SolutionConfigurationPlatforms) = preSolution
		Debug|Any CPU = Debug|Any CPU
		Release|Any CPU = Release|Any CPU
	EndGlobalSection
	GlobalSection(ProjectConfigurationPlatforms) = postSolution
		{6401212F-CA19-4036-BA33-BEAAC7DE65CD}.Debug|Any CPU.ActiveCfg = Debug|Any CPU
		{6401212F-CA19-4036-BA33-BEAAC7DE65CD}.Debug|Any CPU.Build.0 = Debug|Any CPU
		{6401212F-CA19-4036-BA33-BEAAC7DE65CD}.Release|Any CPU.ActiveCfg = Release|Any CPU
		{6401212F-CA19-4036-BA33-BEAAC7DE65CD}.Release|Any CPU.Build.0 = Release|Any CPU
		{ED8D9FF5-65FF-4635-984F-9BDDC3D89CC3}.Debug|Any CPU.ActiveCfg = Debug|Any CPU
		{ED8D9FF5-65FF-4635-984F-9BDDC3D89CC3}.Debug|Any CPU.Build.0 = Debug|Any CPU
		{ED8D9FF5-65FF-4635-984F-9BDDC3D89CC3}.Release|Any CPU.ActiveCfg = Release|Any CPU
		{ED8D9FF5-65FF-4635-984F-9BDDC3D89CC3}.Release|Any CPU.Build.0 = Release|Any CPU
	EndGlobalSection
EndGlobal
